
Microsoft Visual Studio Solution File, Format Version 12.00
# Visual Studio Version 16
VisualStudioVersion = 16.0.31025.194
MinimumVisualStudioVersion = 10.0.40219.1
Project("{FAE04EC0-301F-11D3-BF4B-00C04F79EFBC}") = "ServerSocket", "ServerSocket.csproj", "{76639858-3FD9-455E-8055-EB11D92E0FCE}"
EndProject
Project("{FAE04EC0-301F-11D3-BF4B-00C04F79EFBC}") = "ClientSocket", "..\ClientSocket\ClientSocket.csproj", "{D536A374-21A9-4E0C-A2EB-B59124E94813}"
EndProject
Global
	GlobalSection(SolutionConfigurationPlatforms) = preSolution
		Debug|Any CPU = Debug|Any CPU
		Release|Any CPU = Release|Any CPU
	EndGlobalSection
	GlobalSection(ProjectConfigurationPlatforms) = postSolution
		{76639858-3FD9-455E-8055-EB11D92E0FCE}.Debug|Any CPU.ActiveCfg = Debug|Any CPU
		{76639858-3FD9-455E-8055-EB11D92E0FCE}.Debug|Any CPU.Build.0 = Debug|Any CPU
		{76639858-3FD9-455E-8055-EB11D92E0FCE}.Release|Any CPU.ActiveCfg = Release|Any CPU
		{76639858-3FD9-455E-8055-EB11D92E0FCE}.Release|Any CPU.Build.0 = Release|Any CPU
		{D536A374-21A9-4E0C-A2EB-B59124E94813}.Debug|Any CPU.ActiveCfg = Debug|Any CPU
		{D536A374-21A9-4E0C-A2EB-B59124E94813}.Debug|Any CPU.Build.0 = Debug|Any CPU
		{D536A374-21A9-4E0C-A2EB-B59124E94813}.Release|Any CPU.ActiveCfg = Release|Any CPU
		{D536A374-21A9-4E0C-A2EB-B59124E94813}.Release|Any CPU.Build.0 = Release|Any CPU
	EndGlobalSection
	GlobalSection(SolutionProperties) = preSolution
		HideSolutionNode = FALSE
	EndGlobalSection
	GlobalSection(ExtensibilityGlobals) = postSolution
		SolutionGuid = {5DE459B2-6BA6-4F86-8CB4-0A150E762281}
	EndGlobalSection
EndGlobal
